
Microsoft Visual Studio Solution File, Format Version 12.00
# Visual Studio Version 17
VisualStudioVersion = 17.3.32922.545
MinimumVisualStudioVersion = 10.0.40219.1
Project("{FAE04EC0-301F-11D3-BF4B-00C04F79EFBC}") = "CGITestTechnique", "CGITestTechnique\CGITestTechnique.csproj", "{DCB0ED3C-2C6C-49D2-9C3E-18056A7B75B9}"
EndProject
Global
	GlobalSection(SolutionConfigurationPlatforms) = preSolution
		Debug|Any CPU = Debug|Any CPU
		Release|Any CPU = Release|Any CPU
	EndGlobalSection
	GlobalSection(ProjectConfigurationPlatforms) = postSolution
		{DCB0ED3C-2C6C-49D2-9C3E-18056A7B75B9}.Debug|Any CPU.ActiveCfg = Debug|Any CPU
		{DCB0ED3C-2C6C-49D2-9C3E-18056A7B75B9}.Debug|Any CPU.Build.0 = Debug|Any CPU
		{DCB0ED3C-2C6C-49D2-9C3E-18056A7B75B9}.Release|Any CPU.ActiveCfg = Release|Any CPU
		{DCB0ED3C-2C6C-49D2-9C3E-18056A7B75B9}.Release|Any CPU.Build.0 = Release|Any CPU
	EndGlobalSection
	GlobalSection(SolutionProperties) = preSolution
		HideSolutionNode = FALSE
	EndGlobalSection
	GlobalSection(ExtensibilityGlobals) = postSolution
		SolutionGuid = {D8F9C313-EEE2-4088-A928-872C67CA62D2}
	EndGlobalSection
EndGlobal
